// !$*UTF8*$!
{
	archiveVersion = 1;
	classes = {
	};
	objectVersion = 56;
	objects = {

/* Begin PBXBuildFile section */
		87E02B602C00B6F500CAB38F /* SwiftUI_AuthApp.swift in Sources */ = {isa = PBXBuildFile; fileRef = 87E02B5F2C00B6F500CAB38F /* SwiftUI_AuthApp.swift */; };
		87E02B622C00B6F500CAB38F /* ContentView.swift in Sources */ = {isa = PBXBuildFile; fileRef = 87E02B612C00B6F500CAB38F /* ContentView.swift */; };
		87E02B642C00B6F600CAB38F /* Assets.xcassets in Resources */ = {isa = PBXBuildFile; fileRef = 87E02B632C00B6F600CAB38F /* Assets.xcassets */; };
		87E02B672C00B6F600CAB38F /* Preview Assets.xcassets in Resources */ = {isa = PBXBuildFile; fileRef = 87E02B662C00B6F600CAB38F /* Preview Assets.xcassets */; };
		87E02B712C00B6F600CAB38F /* SwiftUI_AuthTests.swift in Sources */ = {isa = PBXBuildFile; fileRef = 87E02B702C00B6F600CAB38F /* SwiftUI_AuthTests.swift */; };
		87E02B7B2C00B6F600CAB38F /* SwiftUI_AuthUITests.swift in Sources */ = {isa = PBXBuildFile; fileRef = 87E02B7A2C00B6F600CAB38F /* SwiftUI_AuthUITests.swift */; };
		87E02B7D2C00B6F600CAB38F /* SwiftUI_AuthUITestsLaunchTests.swift in Sources */ = {isa = PBXBuildFile; fileRef = 87E02B7C2C00B6F600CAB38F /* SwiftUI_AuthUITestsLaunchTests.swift */; };
		87E02B992C00B9D500CAB38F /* LoginView.swift in Sources */ = {isa = PBXBuildFile; fileRef = 87E02B982C00B9D500CAB38F /* LoginView.swift */; };
		87E02B9B2C00BBFF00CAB38F /* InputView.swift in Sources */ = {isa = PBXBuildFile; fileRef = 87E02B9A2C00BBFF00CAB38F /* InputView.swift */; };
		87E02B9D2C00C20B00CAB38F /* RegistrationView.swift in Sources */ = {isa = PBXBuildFile; fileRef = 87E02B9C2C00C20B00CAB38F /* RegistrationView.swift */; };
		87E02B9F2C00CA9000CAB38F /* ProfileView.swift in Sources */ = {isa = PBXBuildFile; fileRef = 87E02B9E2C00CA9000CAB38F /* ProfileView.swift */; };
		87E02BA12C00CE4C00CAB38F /* SettingsRowView.swift in Sources */ = {isa = PBXBuildFile; fileRef = 87E02BA02C00CE4C00CAB38F /* SettingsRowView.swift */; };
		87E02BA32C00D56400CAB38F /* User.swift in Sources */ = {isa = PBXBuildFile; fileRef = 87E02BA22C00D56400CAB38F /* User.swift */; };
/* End PBXBuildFile section */

/* Begin PBXContainerItemProxy section */
		87E02B6D2C00B6F600CAB38F /* PBXContainerItemProxy */ = {
			isa = PBXContainerItemProxy;
			containerPortal = 87E02B542C00B6F500CAB38F /* Project object */;
			proxyType = 1;
			remoteGlobalIDString = 87E02B5B2C00B6F500CAB38F;
			remoteInfo = "SwiftUI-Auth";
		};
		87E02B772C00B6F600CAB38F /* PBXContainerItemProxy */ = {
			isa = PBXContainerItemProxy;
			containerPortal = 87E02B542C00B6F500CAB38F /* Project object */;
			proxyType = 1;
			remoteGlobalIDString = 87E02B5B2C00B6F500CAB38F;
			remoteInfo = "SwiftUI-Auth";
		};
/* End PBXContainerItemProxy section */

/* Begin PBXFileReference section */
		87E02B5C2C00B6F500CAB38F /* SwiftUI-Auth.app */ = {isa = PBXFileReference; explicitFileType = wrapper.application; includeInIndex = 0; path = "SwiftUI-Auth.app"; sourceTree = BUILT_PRODUCTS_DIR; };
		87E02B5F2C00B6F500CAB38F /* SwiftUI_AuthApp.swift */ = {isa = PBXFileReference; lastKnownFileType = sourcecode.swift; path = SwiftUI_AuthApp.swift; sourceTree = "<group>"; };
		87E02B612C00B6F500CAB38F /* ContentView.swift */ = {isa = PBXFileReference; lastKnownFileType = sourcecode.swift; path = ContentView.swift; sourceTree = "<group>"; };
		87E02B632C00B6F600CAB38F /* Assets.xcassets */ = {isa = PBXFileReference; lastKnownFileType = folder.assetcatalog; path = Assets.xcassets; sourceTree = "<group>"; };
		87E02B662C00B6F600CAB38F /* Preview Assets.xcassets */ = {isa = PBXFileReference; lastKnownFileType = folder.assetcatalog; path = "Preview Assets.xcassets"; sourceTree = "<group>"; };
		87E02B6C2C00B6F600CAB38F /* SwiftUI-AuthTests.xctest */ = {isa = PBXFileReference; explicitFileType = wrapper.cfbundle; includeInIndex = 0; path = "SwiftUI-AuthTests.xctest"; sourceTree = BUILT_PRODUCTS_DIR; };
		87E02B702C00B6F600CAB38F /* SwiftUI_AuthTests.swift */ = {isa = PBXFileReference; lastKnownFileType = sourcecode.swift; path = SwiftUI_AuthTests.swift; sourceTree = "<group>"; };
		87E02B762C00B6F600CAB38F /* SwiftUI-AuthUITests.xctest */ = {isa = PBXFileReference; explicitFileType = wrapper.cfbundle; includeInIndex = 0; path = "SwiftUI-AuthUITests.xctest"; sourceTree = BUILT_PRODUCTS_DIR; };
		87E02B7A2C00B6F600CAB38F /* SwiftUI_AuthUITests.swift */ = {isa = PBXFileReference; lastKnownFileType = sourcecode.swift; path = SwiftUI_AuthUITests.swift; sourceTree = "<group>"; };
		87E02B7C2C00B6F600CAB38F /* SwiftUI_AuthUITestsLaunchTests.swift */ = {isa = PBXFileReference; lastKnownFileType = sourcecode.swift; path = SwiftUI_AuthUITestsLaunchTests.swift; sourceTree = "<group>"; };
		87E02B982C00B9D500CAB38F /* LoginView.swift */ = {isa = PBXFileReference; lastKnownFileType = sourcecode.swift; path = LoginView.swift; sourceTree = "<group>"; };
		87E02B9A2C00BBFF00CAB38F /* InputView.swift */ = {isa = PBXFileReference; lastKnownFileType = sourcecode.swift; path = InputView.swift; sourceTree = "<group>"; };
		87E02B9C2C00C20B00CAB38F /* RegistrationView.swift */ = {isa = PBXFileReference; lastKnownFileType = sourcecode.swift; path = RegistrationView.swift; sourceTree = "<group>"; };
		87E02B9E2C00CA9000CAB38F /* ProfileView.swift */ = {isa = PBXFileReference; lastKnownFileType = sourcecode.swift; path = ProfileView.swift; sourceTree = "<group>"; };
		87E02BA02C00CE4C00CAB38F /* SettingsRowView.swift */ = {isa = PBXFileReference; lastKnownFileType = sourcecode.swift; path = SettingsRowView.swift; sourceTree = "<group>"; };
		87E02BA22C00D56400CAB38F /* User.swift */ = {isa = PBXFileReference; lastKnownFileType = sourcecode.swift; path = User.swift; sourceTree = "<group>"; };
/* End PBXFileReference section */

/* Begin PBXFrameworksBuildPhase section */
		87E02B592C00B6F500CAB38F /* Frameworks */ = {
			isa = PBXFrameworksBuildPhase;
			buildActionMask = 2147483647;
			files = (
			);
			runOnlyForDeploymentPostprocessing = 0;
		};
		87E02B692C00B6F600CAB38F /* Frameworks */ = {
			isa = PBXFrameworksBuildPhase;
			buildActionMask = 2147483647;
			files = (
			);
			runOnlyForDeploymentPostprocessing = 0;
		};
		87E02B732C00B6F600CAB38F /* Frameworks */ = {
			isa = PBXFrameworksBuildPhase;
			buildActionMask = 2147483647;
			files = (
			);
			runOnlyForDeploymentPostprocessing = 0;
		};
/* End PBXFrameworksBuildPhase section */

/* Begin PBXGroup section */
		87E02B532C00B6F500CAB38F = {
			isa = PBXGroup;
			children = (
				87E02B5E2C00B6F500CAB38F /* SwiftUI-Auth */,
				87E02B6F2C00B6F600CAB38F /* SwiftUI-AuthTests */,
				87E02B792C00B6F600CAB38F /* SwiftUI-AuthUITests */,
				87E02B5D2C00B6F500CAB38F /* Products */,
			);
			sourceTree = "<group>";
		};
		87E02B5D2C00B6F500CAB38F /* Products */ = {
			isa = PBXGroup;
			children = (
				87E02B5C2C00B6F500CAB38F /* SwiftUI-Auth.app */,
				87E02B6C2C00B6F600CAB38F /* SwiftUI-AuthTests.xctest */,
				87E02B762C00B6F600CAB38F /* SwiftUI-AuthUITests.xctest */,
			);
			name = Products;
			sourceTree = "<group>";
		};
		87E02B5E2C00B6F500CAB38F /* SwiftUI-Auth */ = {
			isa = PBXGroup;
			children = (
				87E02B8F2C00B84200CAB38F /* App */,
				87E02B902C00B85000CAB38F /* Components */,
				87E02B912C00B86000CAB38F /* Core */,
				87E02B922C00B86700CAB38F /* Model */,
				87E02B632C00B6F600CAB38F /* Assets.xcassets */,
				87E02B652C00B6F600CAB38F /* Preview Content */,
			);
			path = "SwiftUI-Auth";
			sourceTree = "<group>";
		};
		87E02B652C00B6F600CAB38F /* Preview Content */ = {
			isa = PBXGroup;
			children = (
				87E02B662C00B6F600CAB38F /* Preview Assets.xcassets */,
			);
			path = "Preview Content";
			sourceTree = "<group>";
		};
		87E02B6F2C00B6F600CAB38F /* SwiftUI-AuthTests */ = {
			isa = PBXGroup;
			children = (
				87E02B702C00B6F600CAB38F /* SwiftUI_AuthTests.swift */,
			);
			path = "SwiftUI-AuthTests";
			sourceTree = "<group>";
		};
		87E02B792C00B6F600CAB38F /* SwiftUI-AuthUITests */ = {
			isa = PBXGroup;
			children = (
				87E02B7A2C00B6F600CAB38F /* SwiftUI_AuthUITests.swift */,
				87E02B7C2C00B6F600CAB38F /* SwiftUI_AuthUITestsLaunchTests.swift */,
			);
			path = "SwiftUI-AuthUITests";
			sourceTree = "<group>";
		};
		87E02B8F2C00B84200CAB38F /* App */ = {
			isa = PBXGroup;
			children = (
				87E02B5F2C00B6F500CAB38F /* SwiftUI_AuthApp.swift */,
			);
			path = App;
			sourceTree = "<group>";
		};
		87E02B902C00B85000CAB38F /* Components */ = {
			isa = PBXGroup;
			children = (
				87E02B9A2C00BBFF00CAB38F /* InputView.swift */,
				87E02BA02C00CE4C00CAB38F /* SettingsRowView.swift */,
			);
			path = Components;
			sourceTree = "<group>";
		};
		87E02B912C00B86000CAB38F /* Core */ = {
			isa = PBXGroup;
			children = (
				87E02B942C00B90300CAB38F /* Authentication */,
				87E02B952C00B91100CAB38F /* Profile */,
				87E02B932C00B8A300CAB38F /* Root */,
			);
			path = Core;
			sourceTree = "<group>";
		};
		87E02B922C00B86700CAB38F /* Model */ = {
			isa = PBXGroup;
			children = (
				87E02BA22C00D56400CAB38F /* User.swift */,
			);
			path = Model;
			sourceTree = "<group>";
		};
		87E02B932C00B8A300CAB38F /* Root */ = {
			isa = PBXGroup;
			children = (
				87E02B612C00B6F500CAB38F /* ContentView.swift */,
			);
			path = Root;
			sourceTree = "<group>";
		};
		87E02B942C00B90300CAB38F /* Authentication */ = {
			isa = PBXGroup;
			children = (
				87E02B982C00B9D500CAB38F /* LoginView.swift */,
				87E02B9C2C00C20B00CAB38F /* RegistrationView.swift */,
			);
			path = Authentication;
			sourceTree = "<group>";
		};
		87E02B952C00B91100CAB38F /* Profile */ = {
			isa = PBXGroup;
			children = (
				87E02B9E2C00CA9000CAB38F /* ProfileView.swift */,
			);
			path = Profile;
			sourceTree = "<group>";
		};
/* End PBXGroup section */

/* Begin PBXNativeTarget section */
		87E02B5B2C00B6F500CAB38F /* SwiftUI-Auth */ = {
			isa = PBXNativeTarget;
			buildConfigurationList = 87E02B802C00B6F600CAB38F /* Build configuration list for PBXNativeTarget "SwiftUI-Auth" */;
			buildPhases = (
				87E02B582C00B6F500CAB38F /* Sources */,
				87E02B592C00B6F500CAB38F /* Frameworks */,
				87E02B5A2C00B6F500CAB38F /* Resources */,
			);
			buildRules = (
			);
			dependencies = (
			);
			name = "SwiftUI-Auth";
			productName = "SwiftUI-Auth";
			productReference = 87E02B5C2C00B6F500CAB38F /* SwiftUI-Auth.app */;
			productType = "com.apple.product-type.application";
		};
		87E02B6B2C00B6F600CAB38F /* SwiftUI-AuthTests */ = {
			isa = PBXNativeTarget;
			buildConfigurationList = 87E02B832C00B6F600CAB38F /* Build configuration list for PBXNativeTarget "SwiftUI-AuthTests" */;
			buildPhases = (
				87E02B682C00B6F600CAB38F /* Sources */,
				87E02B692C00B6F600CAB38F /* Frameworks */,
				87E02B6A2C00B6F600CAB38F /* Resources */,
			);
			buildRules = (
			);
			dependencies = (
				87E02B6E2C00B6F600CAB38F /* PBXTargetDependency */,
			);
			name = "SwiftUI-AuthTests";
			productName = "SwiftUI-AuthTests";
			productReference = 87E02B6C2C00B6F600CAB38F /* SwiftUI-AuthTests.xctest */;
			productType = "com.apple.product-type.bundle.unit-test";
		};
		87E02B752C00B6F600CAB38F /* SwiftUI-AuthUITests */ = {
			isa = PBXNativeTarget;
			buildConfigurationList = 87E02B862C00B6F600CAB38F /* Build configuration list for PBXNativeTarget "SwiftUI-AuthUITests" */;
			buildPhases = (
				87E02B722C00B6F600CAB38F /* Sources */,
				87E02B732C00B6F600CAB38F /* Frameworks */,
				87E02B742C00B6F600CAB38F /* Resources */,
			);
			buildRules = (
			);
			dependencies = (
				87E02B782C00B6F600CAB38F /* PBXTargetDependency */,
			);
			name = "SwiftUI-AuthUITests";
			productName = "SwiftUI-AuthUITests";
			productReference = 87E02B762C00B6F600CAB38F /* SwiftUI-AuthUITests.xctest */;
			productType = "com.apple.product-type.bundle.ui-testing";
		};
/* End PBXNativeTarget section */

/* Begin PBXProject section */
		87E02B542C00B6F500CAB38F /* Project object */ = {
			isa = PBXProject;
			attributes = {
				BuildIndependentTargetsInParallel = 1;
				LastSwiftUpdateCheck = 1520;
				LastUpgradeCheck = 1520;
				TargetAttributes = {
					87E02B5B2C00B6F500CAB38F = {
						CreatedOnToolsVersion = 15.2;
					};
					87E02B6B2C00B6F600CAB38F = {
						CreatedOnToolsVersion = 15.2;
						TestTargetID = 87E02B5B2C00B6F500CAB38F;
					};
					87E02B752C00B6F600CAB38F = {
						CreatedOnToolsVersion = 15.2;
						TestTargetID = 87E02B5B2C00B6F500CAB38F;
					};
				};
			};
			buildConfigurationList = 87E02B572C00B6F500CAB38F /* Build configuration list for PBXProject "SwiftUI-Auth" */;
			compatibilityVersion = "Xcode 14.0";
			developmentRegion = en;
			hasScannedForEncodings = 0;
			knownRegions = (
				en,
				Base,
			);
			mainGroup = 87E02B532C00B6F500CAB38F;
			productRefGroup = 87E02B5D2C00B6F500CAB38F /* Products */;
			projectDirPath = "";
			projectRoot = "";
			targets = (
				87E02B5B2C00B6F500CAB38F /* SwiftUI-Auth */,
				87E02B6B2C00B6F600CAB38F /* SwiftUI-AuthTests */,
				87E02B752C00B6F600CAB38F /* SwiftUI-AuthUITests */,
			);
		};
/* End PBXProject section */

/* Begin PBXResourcesBuildPhase section */
		87E02B5A2C00B6F500CAB38F /* Resources */ = {
			isa = PBXResourcesBuildPhase;
			buildActionMask = 2147483647;
			files = (
				87E02B672C00B6F600CAB38F /* Preview Assets.xcassets in Resources */,
				87E02B642C00B6F600CAB38F /* Assets.xcassets in Resources */,
			);
			runOnlyForDeploymentPostprocessing = 0;
		};
		87E02B6A2C00B6F600CAB38F /* Resources */ = {
			isa = PBXResourcesBuildPhase;
			buildActionMask = 2147483647;
			files = (
			);
			runOnlyForDeploymentPostprocessing = 0;
		};
		87E02B742C00B6F600CAB38F /* Resources */ = {
			isa = PBXResourcesBuildPhase;
			buildActionMask = 2147483647;
			files = (
			);
			runOnlyForDeploymentPostprocessing = 0;
		};
/* End PBXResourcesBuildPhase section */

/* Begin PBXSourcesBuildPhase section */
		87E02B582C00B6F500CAB38F /* Sources */ = {
			isa = PBXSourcesBuildPhase;
			buildActionMask = 2147483647;
			files = (
				87E02B992C00B9D500CAB38F /* LoginView.swift in Sources */,
				87E02B9B2C00BBFF00CAB38F /* InputView.swift in Sources */,
				87E02B622C00B6F500CAB38F /* ContentView.swift in Sources */,
				87E02B602C00B6F500CAB38F /* SwiftUI_AuthApp.swift in Sources */,
				87E02BA32C00D56400CAB38F /* User.swift in Sources */,
				87E02B9F2C00CA9000CAB38F /* ProfileView.swift in Sources */,
				87E02B9D2C00C20B00CAB38F /* RegistrationView.swift in Sources */,
				87E02BA12C00CE4C00CAB38F /* SettingsRowView.swift in Sources */,
			);
			runOnlyForDeploymentPostprocessing = 0;
		};
		87E02B682C00B6F600CAB38F /* Sources */ = {
			isa = PBXSourcesBuildPhase;
			buildActionMask = 2147483647;
			files = (
				87E02B712C00B6F600CAB38F /* SwiftUI_AuthTests.swift in Sources */,
			);
			runOnlyForDeploymentPostprocessing = 0;
		};
		87E02B722C00B6F600CAB38F /* Sources */ = {
			isa = PBXSourcesBuildPhase;
			buildActionMask = 2147483647;
			files = (
				87E02B7D2C00B6F600CAB38F /* SwiftUI_AuthUITestsLaunchTests.swift in Sources */,
				87E02B7B2C00B6F600CAB38F /* SwiftUI_AuthUITests.swift in Sources */,
			);
			runOnlyForDeploymentPostprocessing = 0;
		};
/* End PBXSourcesBuildPhase section */

/* Begin PBXTargetDependency section */
		87E02B6E2C00B6F600CAB38F /* PBXTargetDependency */ = {
			isa = PBXTargetDependency;
			target = 87E02B5B2C00B6F500CAB38F /* SwiftUI-Auth */;
			targetProxy = 87E02B6D2C00B6F600CAB38F /* PBXContainerItemProxy */;
		};
		87E02B782C00B6F600CAB38F /* PBXTargetDependency */ = {
			isa = PBXTargetDependency;
			target = 87E02B5B2C00B6F500CAB38F /* SwiftUI-Auth */;
			targetProxy = 87E02B772C00B6F600CAB38F /* PBXContainerItemProxy */;
		};
/* End PBXTargetDependency section */

/* Begin XCBuildConfiguration section */
		87E02B7E2C00B6F600CAB38F /* Debug */ = {
			isa = XCBuildConfiguration;
			buildSettings = {
				ALWAYS_SEARCH_USER_PATHS = NO;
				ASSETCATALOG_COMPILER_GENERATE_SWIFT_ASSET_SYMBOL_EXTENSIONS = YES;
				CLANG_ANALYZER_NONNULL = YES;
				CLANG_ANALYZER_NUMBER_OBJECT_CONVERSION = YES_AGGRESSIVE;
				CLANG_CXX_LANGUAGE_STANDARD = "gnu++20";
				CLANG_ENABLE_MODULES = YES;
				CLANG_ENABLE_OBJC_ARC = YES;
				CLANG_ENABLE_OBJC_WEAK = YES;
				CLANG_WARN_BLOCK_CAPTURE_AUTORELEASING = YES;
				CLANG_WARN_BOOL_CONVERSION = YES;
				CLANG_WARN_COMMA = YES;
				CLANG_WARN_CONSTANT_CONVERSION = YES;
				CLANG_WARN_DEPRECATED_OBJC_IMPLEMENTATIONS = YES;
				CLANG_WARN_DIRECT_OBJC_ISA_USAGE = YES_ERROR;
				CLANG_WARN_DOCUMENTATION_COMMENTS = YES;
				CLANG_WARN_EMPTY_BODY = YES;
				CLANG_WARN_ENUM_CONVERSION = YES;
				CLANG_WARN_INFINITE_RECURSION = YES;
				CLANG_WARN_INT_CONVERSION = YES;
				CLANG_WARN_NON_LITERAL_NULL_CONVERSION = YES;
				CLANG_WARN_OBJC_IMPLICIT_RETAIN_SELF = YES;
				CLANG_WARN_OBJC_LITERAL_CONVERSION = YES;
				CLANG_WARN_OBJC_ROOT_CLASS = YES_ERROR;
				CLANG_WARN_QUOTED_INCLUDE_IN_FRAMEWORK_HEADER = YES;
				CLANG_WARN_RANGE_LOOP_ANALYSIS = YES;
				CLANG_WARN_STRICT_PROTOTYPES = YES;
				CLANG_WARN_SUSPICIOUS_MOVE = YES;
				CLANG_WARN_UNGUARDED_AVAILABILITY = YES_AGGRESSIVE;
				CLANG_WARN_UNREACHABLE_CODE = YES;
				CLANG_WARN__DUPLICATE_METHOD_MATCH = YES;
				COPY_PHASE_STRIP = NO;
				DEBUG_INFORMATION_FORMAT = dwarf;
				ENABLE_STRICT_OBJC_MSGSEND = YES;
				ENABLE_TESTABILITY = YES;
				ENABLE_USER_SCRIPT_SANDBOXING = YES;
				GCC_C_LANGUAGE_STANDARD = gnu17;
				GCC_DYNAMIC_NO_PIC = NO;
				GCC_NO_COMMON_BLOCKS = YES;
				GCC_OPTIMIZATION_LEVEL = 0;
				GCC_PREPROCESSOR_DEFINITIONS = (
					"DEBUG=1",
					"$(inherited)",
				);
				GCC_WARN_64_TO_32_BIT_CONVERSION = YES;
				GCC_WARN_ABOUT_RETURN_TYPE = YES_ERROR;
				GCC_WARN_UNDECLARED_SELECTOR = YES;
				GCC_WARN_UNINITIALIZED_AUTOS = YES_AGGRESSIVE;
				GCC_WARN_UNUSED_FUNCTION = YES;
				GCC_WARN_UNUSED_VARIABLE = YES;
				IPHONEOS_DEPLOYMENT_TARGET = 17.2;
				LOCALIZATION_PREFERS_STRING_CATALOGS = YES;
				MTL_ENABLE_DEBUG_INFO = INCLUDE_SOURCE;
				MTL_FAST_MATH = YES;
				ONLY_ACTIVE_ARCH = YES;
				SDKROOT = iphoneos;
				SWIFT_ACTIVE_COMPILATION_CONDITIONS = "DEBUG $(inherited)";
				SWIFT_OPTIMIZATION_LEVEL = "-Onone";
			};
			name = Debug;
		};
		87E02B7F2C00B6F600CAB38F /* Release */ = {
			isa = XCBuildConfiguration;
			buildSettings = {
				ALWAYS_SEARCH_USER_PATHS = NO;
				ASSETCATALOG_COMPILER_GENERATE_SWIFT_ASSET_SYMBOL_EXTENSIONS = YES;
				CLANG_ANALYZER_NONNULL = YES;
				CLANG_ANALYZER_NUMBER_OBJECT_CONVERSION = YES_AGGRESSIVE;
				CLANG_CXX_LANGUAGE_STANDARD = "gnu++20";
				CLANG_ENABLE_MODULES = YES;
				CLANG_ENABLE_OBJC_ARC = YES;
				CLANG_ENABLE_OBJC_WEAK = YES;
				CLANG_WARN_BLOCK_CAPTURE_AUTORELEASING = YES;
				CLANG_WARN_BOOL_CONVERSION = YES;
				CLANG_WARN_COMMA = YES;
				CLANG_WARN_CONSTANT_CONVERSION = YES;
				CLANG_WARN_DEPRECATED_OBJC_IMPLEMENTATIONS = YES;
				CLANG_WARN_DIRECT_OBJC_ISA_USAGE = YES_ERROR;
				CLANG_WARN_DOCUMENTATION_COMMENTS = YES;
				CLANG_WARN_EMPTY_BODY = YES;
				CLANG_WARN_ENUM_CONVERSION = YES;
				CLANG_WARN_INFINITE_RECURSION = YES;
				CLANG_WARN_INT_CONVERSION = YES;
				CLANG_WARN_NON_LITERAL_NULL_CONVERSION = YES;
				CLANG_WARN_OBJC_IMPLICIT_RETAIN_SELF = YES;
				CLANG_WARN_OBJC_LITERAL_CONVERSION = YES;
				CLANG_WARN_OBJC_ROOT_CLASS = YES_ERROR;
				CLANG_WARN_QUOTED_INCLUDE_IN_FRAMEWORK_HEADER = YES;
				CLANG_WARN_RANGE_LOOP_ANALYSIS = YES;
				CLANG_WARN_STRICT_PROTOTYPES = YES;
				CLANG_WARN_SUSPICIOUS_MOVE = YES;
				CLANG_WARN_UNGUARDED_AVAILABILITY = YES_AGGRESSIVE;
				CLANG_WARN_UNREACHABLE_CODE = YES;
				CLANG_WARN__DUPLICATE_METHOD_MATCH = YES;
				COPY_PHASE_STRIP = NO;
				DEBUG_INFORMATION_FORMAT = "dwarf-with-dsym";
				ENABLE_NS_ASSERTIONS = NO;
				ENABLE_STRICT_OBJC_MSGSEND = YES;
				ENABLE_USER_SCRIPT_SANDBOXING = YES;
				GCC_C_LANGUAGE_STANDARD = gnu17;
				GCC_NO_COMMON_BLOCKS = YES;
				GCC_WARN_64_TO_32_BIT_CONVERSION = YES;
				GCC_WARN_ABOUT_RETURN_TYPE = YES_ERROR;
				GCC_WARN_UNDECLARED_SELECTOR = YES;
				GCC_WARN_UNINITIALIZED_AUTOS = YES_AGGRESSIVE;
				GCC_WARN_UNUSED_FUNCTION = YES;
				GCC_WARN_UNUSED_VARIABLE = YES;
				IPHONEOS_DEPLOYMENT_TARGET = 17.2;
				LOCALIZATION_PREFERS_STRING_CATALOGS = YES;
				MTL_ENABLE_DEBUG_INFO = NO;
				MTL_FAST_MATH = YES;
				SDKROOT = iphoneos;
				SWIFT_COMPILATION_MODE = wholemodule;
				VALIDATE_PRODUCT = YES;
			};
			name = Release;
		};
		87E02B812C00B6F600CAB38F /* Debug */ = {
			isa = XCBuildConfiguration;
			buildSettings = {
				ASSETCATALOG_COMPILER_APPICON_NAME = AppIcon;
				ASSETCATALOG_COMPILER_GLOBAL_ACCENT_COLOR_NAME = AccentColor;
				CODE_SIGN_STYLE = Automatic;
				CURRENT_PROJECT_VERSION = 1;
				DEVELOPMENT_ASSET_PATHS = "\"SwiftUI-Auth/Preview Content\"";
				DEVELOPMENT_TEAM = SRKXS6NZUL;
				ENABLE_PREVIEWS = YES;
				GENERATE_INFOPLIST_FILE = YES;
				INFOPLIST_KEY_UIApplicationSceneManifest_Generation = YES;
				INFOPLIST_KEY_UIApplicationSupportsIndirectInputEvents = YES;
				INFOPLIST_KEY_UILaunchScreen_Generation = YES;
				INFOPLIST_KEY_UISupportedInterfaceOrientations_iPad = "UIInterfaceOrientationPortrait UIInterfaceOrientationPortraitUpsideDown UIInterfaceOrientationLandscapeLeft UIInterfaceOrientationLandscapeRight";
				INFOPLIST_KEY_UISupportedInterfaceOrientations_iPhone = "UIInterfaceOrientationPortrait UIInterfaceOrientationLandscapeLeft UIInterfaceOrientationLandscapeRight";
				LD_RUNPATH_SEARCH_PATHS = (
					"$(inherited)",
					"@executable_path/Frameworks",
				);
				MARKETING_VERSION = 1.0;
				PRODUCT_BUNDLE_IDENTIFIER = "unicamp.br.SwiftUI-Auth";
				PRODUCT_NAME = "$(TARGET_NAME)";
				SWIFT_EMIT_LOC_STRINGS = YES;
				SWIFT_VERSION = 5.0;
				TARGETED_DEVICE_FAMILY = "1,2";
			};
			name = Debug;
		};
		87E02B822C00B6F600CAB38F /* Release */ = {
			isa = XCBuildConfiguration;
			buildSettings = {
				ASSETCATALOG_COMPILER_APPICON_NAME = AppIcon;
				ASSETCATALOG_COMPILER_GLOBAL_ACCENT_COLOR_NAME = AccentColor;
				CODE_SIGN_STYLE = Automatic;
				CURRENT_PROJECT_VERSION = 1;
				DEVELOPMENT_ASSET_PATHS = "\"SwiftUI-Auth/Preview Content\"";
				DEVELOPMENT_TEAM = SRKXS6NZUL;
				ENABLE_PREVIEWS = YES;
				GENERATE_INFOPLIST_FILE = YES;
				INFOPLIST_KEY_UIApplicationSceneManifest_Generation = YES;
				INFOPLIST_KEY_UIApplicationSupportsIndirectInputEvents = YES;
				INFOPLIST_KEY_UILaunchScreen_Generation = YES;
				INFOPLIST_KEY_UISupportedInterfaceOrientations_iPad = "UIInterfaceOrientationPortrait UIInterfaceOrientationPortraitUpsideDown UIInterfaceOrientationLandscapeLeft UIInterfaceOrientationLandscapeRight";
				INFOPLIST_KEY_UISupportedInterfaceOrientations_iPhone = "UIInterfaceOrientationPortrait UIInterfaceOrientationLandscapeLeft UIInterfaceOrientationLandscapeRight";
				LD_RUNPATH_SEARCH_PATHS = (
					"$(inherited)",
					"@executable_path/Frameworks",
				);
				MARKETING_VERSION = 1.0;
				PRODUCT_BUNDLE_IDENTIFIER = "unicamp.br.SwiftUI-Auth";
				PRODUCT_NAME = "$(TARGET_NAME)";
				SWIFT_EMIT_LOC_STRINGS = YES;
				SWIFT_VERSION = 5.0;
				TARGETED_DEVICE_FAMILY = "1,2";
			};
			name = Release;
		};
		87E02B842C00B6F600CAB38F /* Debug */ = {
			isa = XCBuildConfiguration;
			buildSettings = {
				ALWAYS_EMBED_SWIFT_STANDARD_LIBRARIES = YES;
				BUNDLE_LOADER = "$(TEST_HOST)";
				CODE_SIGN_STYLE = Automatic;
				CURRENT_PROJECT_VERSION = 1;
				DEVELOPMENT_TEAM = SRKXS6NZUL;
				GENERATE_INFOPLIST_FILE = YES;
				IPHONEOS_DEPLOYMENT_TARGET = 17.2;
				MARKETING_VERSION = 1.0;
				PRODUCT_BUNDLE_IDENTIFIER = "unicamp.br.SwiftUI-AuthTests";
				PRODUCT_NAME = "$(TARGET_NAME)";
				SWIFT_EMIT_LOC_STRINGS = NO;
				SWIFT_VERSION = 5.0;
				TARGETED_DEVICE_FAMILY = "1,2";
				TEST_HOST = "$(BUILT_PRODUCTS_DIR)/SwiftUI-Auth.app/$(BUNDLE_EXECUTABLE_FOLDER_PATH)/SwiftUI-Auth";
			};
			name = Debug;
		};
		87E02B852C00B6F600CAB38F /* Release */ = {
			isa = XCBuildConfiguration;
			buildSettings = {
				ALWAYS_EMBED_SWIFT_STANDARD_LIBRARIES = YES;
				BUNDLE_LOADER = "$(TEST_HOST)";
				CODE_SIGN_STYLE = Automatic;
				CURRENT_PROJECT_VERSION = 1;
				DEVELOPMENT_TEAM = SRKXS6NZUL;
				GENERATE_INFOPLIST_FILE = YES;
				IPHONEOS_DEPLOYMENT_TARGET = 17.2;
				MARKETING_VERSION = 1.0;
				PRODUCT_BUNDLE_IDENTIFIER = "unicamp.br.SwiftUI-AuthTests";
				PRODUCT_NAME = "$(TARGET_NAME)";
				SWIFT_EMIT_LOC_STRINGS = NO;
				SWIFT_VERSION = 5.0;
				TARGETED_DEVICE_FAMILY = "1,2";
				TEST_HOST = "$(BUILT_PRODUCTS_DIR)/SwiftUI-Auth.app/$(BUNDLE_EXECUTABLE_FOLDER_PATH)/SwiftUI-Auth";
			};
			name = Release;
		};
		87E02B872C00B6F600CAB38F /* Debug */ = {
			isa = XCBuildConfiguration;
			buildSettings = {
				ALWAYS_EMBED_SWIFT_STANDARD_LIBRARIES = YES;
				CODE_SIGN_STYLE = Automatic;
				CURRENT_PROJECT_VERSION = 1;
				DEVELOPMENT_TEAM = SRKXS6NZUL;
				GENERATE_INFOPLIST_FILE = YES;
				MARKETING_VERSION = 1.0;
				PRODUCT_BUNDLE_IDENTIFIER = "unicamp.br.SwiftUI-AuthUITests";
				PRODUCT_NAME = "$(TARGET_NAME)";
				SWIFT_EMIT_LOC_STRINGS = NO;
				SWIFT_VERSION = 5.0;
				TARGETED_DEVICE_FAMILY = "1,2";
				TEST_TARGET_NAME = "SwiftUI-Auth";
			};
			name = Debug;
		};
		87E02B882C00B6F600CAB38F /* Release */ = {
			isa = XCBuildConfiguration;
			buildSettings = {
				ALWAYS_EMBED_SWIFT_STANDARD_LIBRARIES = YES;
				CODE_SIGN_STYLE = Automatic;
				CURRENT_PROJECT_VERSION = 1;
				DEVELOPMENT_TEAM = SRKXS6NZUL;
				GENERATE_INFOPLIST_FILE = YES;
				MARKETING_VERSION = 1.0;
				PRODUCT_BUNDLE_IDENTIFIER = "unicamp.br.SwiftUI-AuthUITests";
				PRODUCT_NAME = "$(TARGET_NAME)";
				SWIFT_EMIT_LOC_STRINGS = NO;
				SWIFT_VERSION = 5.0;
				TARGETED_DEVICE_FAMILY = "1,2";
				TEST_TARGET_NAME = "SwiftUI-Auth";
			};
			name = Release;
		};
/* End XCBuildConfiguration section */

/* Begin XCConfigurationList section */
		87E02B572C00B6F500CAB38F /* Build configuration list for PBXProject "SwiftUI-Auth" */ = {
			isa = XCConfigurationList;
			buildConfigurations = (
				87E02B7E2C00B6F600CAB38F /* Debug */,
				87E02B7F2C00B6F600CAB38F /* Release */,
			);
			defaultConfigurationIsVisible = 0;
			defaultConfigurationName = Release;
		};
		87E02B802C00B6F600CAB38F /* Build configuration list for PBXNativeTarget "SwiftUI-Auth" */ = {
			isa = XCConfigurationList;
			buildConfigurations = (
				87E02B812C00B6F600CAB38F /* Debug */,
				87E02B822C00B6F600CAB38F /* Release */,
			);
			defaultConfigurationIsVisible = 0;
			defaultConfigurationName = Release;
		};
		87E02B832C00B6F600CAB38F /* Build configuration list for PBXNativeTarget "SwiftUI-AuthTests" */ = {
			isa = XCConfigurationList;
			buildConfigurations = (
				87E02B842C00B6F600CAB38F /* Debug */,
				87E02B852C00B6F600CAB38F /* Release */,
			);
			defaultConfigurationIsVisible = 0;
			defaultConfigurationName = Release;
		};
		87E02B862C00B6F600CAB38F /* Build configuration list for PBXNativeTarget "SwiftUI-AuthUITests" */ = {
			isa = XCConfigurationList;
			buildConfigurations = (
				87E02B872C00B6F600CAB38F /* Debug */,
				87E02B882C00B6F600CAB38F /* Release */,
			);
			defaultConfigurationIsVisible = 0;
			defaultConfigurationName = Release;
		};
/* End XCConfigurationList section */
	};
	rootObject = 87E02B542C00B6F500CAB38F /* Project object */;
}
